<?xml version="1.0" encoding="UTF-8" standalone="yes" ?>
<CodeBlocks_project_file>
	<FileVersion major="1" minor="6" />
	<Project>
		<Option title="stm32-vcu" />
		<Option makefile_is_custom="1" />
		<Option pch_mode="2" />
		<Option compiler="armelfgcc" />
		<MakeCommands>
			<Build command="make" />
			<CompileFile command="$make -f $makefile $file" />
			<Clean command="$make -f $makefile clean" />
			<DistClean command="$make -f $makefile distclean$target" />
			<AskRebuildNeeded command="$make -q -f $makefile $target" />
			<SilentBuild command="$make -s -f $makefile $target" />
		</MakeCommands>
		<Build>
			<Target title="STM32F107">
				<Option output="stm32_vcu" prefix_auto="0" extension_auto="0" />
				<Option object_output="obj/Release/" />
				<Option type="1" />
				<Option compiler="armelfgcc" />
				<Compiler>
					<Add directory="include/project" />
					<Add directory="include" />
					<Add directory="libopeninv/include" />
				</Compiler>
				<MakeCommands>
					<Build command="make" />
					<CompileFile command="$make -f  $file " />
					<Clean command="make clean " />
					<DistClean command="$make -f $makefile distclean$target" />
					<AskRebuildNeeded command="$make -q" />
					<SilentBuild command="make &gt; $(CMD_NULL)" />
				</MakeCommands>
			</Target>
			<Target title="Test">
				<Option output="test/test_sine" prefix_auto="1" extension_auto="1" />
				<Option working_dir="test" />
				<Option type="1" />
				<Option compiler="gcc" />
				<Compiler>
					<Add directory="include/project" />
					<Add directory="include" />
					<Add directory="libopeninv/include" />
				</Compiler>
			</Target>
		</Build>
		<Unit filename="Makefile">
			<Option target="STM32F107" />
		</Unit>
		<Unit filename="include/BMW_E31.h" />
		<Unit filename="include/BMW_E39.h" />
		<Unit filename="include/BMW_E65.h" />
		<Unit filename="include/CANSPI.h" />
		<Unit filename="include/CPC.h" />
		<Unit filename="include/Can_OBD2.h" />
		<Unit filename="include/Can_OI.h" />
		<Unit filename="include/Can_VAG.h" />
		<Unit filename="include/E65_Lever.h" />
		<Unit filename="include/ElconCharger.h" />
		<Unit filename="include/F30_Lever.h" />
		<Unit filename="include/Foccci.h" />
		<Unit filename="include/GS450H.h" />
		<Unit filename="include/JLR_G1.h" />
		<Unit filename="include/JLR_G2.h" />
		<Unit filename="include/MCP2515.h" />
		<Unit filename="include/MGCoolantHeater.h" />
		<Unit filename="include/MGgen2V2Lcharger.h" />
		<Unit filename="include/NissanPDM.h" />
		<Unit filename="include/NoInverter.h" />
		<Unit filename="include/NoVehicle.h" />
		<Unit filename="include/OutlanderCanHeater.h" />
		<Unit filename="include/OutlanderHeartBeat.h" />
		<Unit filename="include/TeslaDCDC.h" />
		<Unit filename="include/VWAirHeater.h" />
		<Unit filename="include/VWCoolantHeater.h" />
		<Unit filename="include/V_Classic.h" />
		<Unit filename="include/amperaheater.h" />
		<Unit filename="include/anain_prj.h" />
		<Unit filename="include/bms.h" />
		<Unit filename="include/bmw_sbox.h" />
		<Unit filename="include/chademo.h" />
		<Unit filename="include/chargerhw.h" />
		<Unit filename="include/chargerint.h" />
		<Unit filename="include/daisychainbms.h" />
		<Unit filename="include/dcdc.h" />
		<Unit filename="include/digio_prj.h" />
		<Unit filename="include/errormessage_prj.h" />
		<Unit filename="include/extCharger.h" />
		<Unit filename="include/heater.h" />
		<Unit filename="include/hwdefs.h" />
		<Unit filename="include/hwinit.h" />
		<Unit filename="include/i3LIM.h" />
		<Unit filename="include/inverter.h" />
		<Unit filename="include/iomatrix.h" />
		<Unit filename="include/isa_shunt.h" />
		<Unit filename="include/kangoobms.h" />
		<Unit filename="include/leafbms.h" />
		<Unit filename="include/leafinv.h" />
		<Unit filename="include/noHeater.h" />
		<Unit filename="include/no_Lever.h" />
		<Unit filename="include/nocharger.h" />
		<Unit filename="include/notused.h" />
		<Unit filename="include/outlanderCharger.h" />
		<Unit filename="include/outlanderinverter.h" />
		<Unit filename="include/param_prj.h" />
		<Unit filename="include/rearoutlanderinverter.h" />
		<Unit filename="include/shifter.h" />
		<Unit filename="include/simpbms.h" />
		<Unit filename="include/stm32_vcu.h" />
		<Unit filename="include/subaruvehicle.h" />
		<Unit filename="include/temp_meas.h" />
		<Unit filename="include/teslaCharger.h" />
		<Unit filename="include/throttle.h" />
		<Unit filename="include/utils.h" />
		<Unit filename="include/vag_sbox.h" />
		<Unit filename="include/vehicle.h" />
		<Unit filename="libopeninv/include/anain.h" />
		<Unit filename="libopeninv/include/canhardware.h" />
		<Unit filename="libopeninv/include/canmap.h" />
		<Unit filename="libopeninv/include/digio.h" />
		<Unit filename="libopeninv/include/errormessage.h" />
		<Unit filename="libopeninv/include/my_fp.h" />
		<Unit filename="libopeninv/include/my_math.h" />
		<Unit filename="libopeninv/include/my_string.h" />
		<Unit filename="libopeninv/include/param_save.h" />
		<Unit filename="libopeninv/include/params.h" />
		<Unit filename="libopeninv/include/printf.h" />
		<Unit filename="libopeninv/include/stm32_can.h" />
		<Unit filename="libopeninv/include/stm32scheduler.h" />
		<Unit filename="libopeninv/include/terminal.h" />
		<Unit filename="libopeninv/include/terminalcommands.h" />
		<Unit filename="libopeninv/src/anain.cpp" />
		<Unit filename="libopeninv/src/canhardware.cpp" />
		<Unit filename="libopeninv/src/canmap.cpp" />
		<Unit filename="libopeninv/src/digio.cpp" />
		<Unit filename="libopeninv/src/errormessage.cpp" />
		<Unit filename="libopeninv/src/my_fp.c">
			<Option compilerVar="CC" />
		</Unit>
		<Unit filename="libopeninv/src/my_string.c">
			<Option compilerVar="CC" />
		</Unit>
		<Unit filename="libopeninv/src/param_save.cpp" />
		<Unit filename="libopeninv/src/params.cpp" />
		<Unit filename="libopeninv/src/printf.cpp" />
		<Unit filename="libopeninv/src/stm32_can.cpp" />
		<Unit filename="libopeninv/src/stm32scheduler.cpp" />
		<Unit filename="libopeninv/src/terminal.cpp" />
		<Unit filename="libopeninv/src/terminalcommands.cpp" />
		<Unit filename="src/BMW_E31.cpp" />
		<Unit filename="src/BMW_E39.cpp" />
		<Unit filename="src/BMW_E65.cpp" />
		<Unit filename="src/CANSPI.cpp" />
		<Unit filename="src/CPC.cpp" />
		<Unit filename="src/Can_OBD2.cpp" />
		<Unit filename="src/Can_OI.cpp" />
		<Unit filename="src/Can_VAG.cpp" />
		<Unit filename="src/E65_Lever.cpp" />
		<Unit filename="src/ElconCharger.cpp" />
		<Unit filename="src/F30_Lever.cpp" />
		<Unit filename="src/Foccci.cpp" />
		<Unit filename="src/GS450H.cpp" />
		<Unit filename="src/JLR_G1.cpp" />
		<Unit filename="src/JLR_G2.cpp" />
		<Unit filename="src/MCP2515.cpp" />
		<Unit filename="src/MGCoolantHeater.cpp" />
		<Unit filename="src/MGgen2V2Lcharger.cpp" />
		<Unit filename="src/NissLeafMng.cpp" />
		<Unit filename="src/NissanPDM.cpp" />
		<Unit filename="src/OutlanderCanHeater.cpp" />
		<Unit filename="src/OutlanderHeartBeat.cpp" />
		<Unit filename="src/RearOutlanderinverter.cpp" />
		<Unit filename="src/TeslaDCDC.cpp" />
		<Unit filename="src/VWAirHeater.cpp" />
		<Unit filename="src/VWCoolantHeater.cpp" />
		<Unit filename="src/V_Classic.cpp" />
		<Unit filename="src/amperacharger.cpp" />
		<Unit filename="src/amperaheater.cpp" />
		<Unit filename="src/bmw_sbox.cpp" />
		<Unit filename="src/chademo.cpp" />
		<Unit filename="src/daisychainbms.cpp" />
		<Unit filename="src/extCharger.cpp" />
		<Unit filename="src/hwinit.cpp" />
		<Unit filename="src/i3LIM.cpp" />
		<Unit filename="src/iomatrix.cpp" />
		<Unit filename="src/isa_shunt.cpp" />
		<Unit filename="src/kangoobms.cpp" />
		<Unit filename="src/leafbms.cpp" />
		<Unit filename="src/leafinv.cpp" />
		<Unit filename="src/outlanderCharger.cpp" />
		<Unit filename="src/outlanderinverter.cpp" />
		<Unit filename="src/simpbms.cpp" />
		<Unit filename="src/stm32_vcu.cpp" />
		<Unit filename="src/subaruvehicle.cpp" />
		<Unit filename="src/temp_meas.cpp" />
		<Unit filename="src/terminal_prj.cpp" />
		<Unit filename="src/teslaCharger.cpp" />
		<Unit filename="src/throttle.cpp" />
		<Unit filename="src/utils.cpp" />
		<Unit filename="src/vag_sbox.cpp" />
		<Extensions>
			<DoxyBlocks>
				<comment_style block="0" line="0" />
				<doxyfile_project />
				<doxyfile_build />
				<doxyfile_warnings />
				<doxyfile_output />
				<doxyfile_dot class_diagrams="1" have_dot="1" />
				<general />
			</DoxyBlocks>
			<debugger>
				<remote_debugging>
					<options conn_type="0" ip_address="localhost" ip_port="3333" />
				</remote_debugging>
				<remote_debugging target="STM32F107">
					<options conn_type="0" additional_cmds="load&#x0A;r" />
				</remote_debugging>
			</debugger>
		</Extensions>
	</Project>
</CodeBlocks_project_file>
