<?xml version="1.0" encoding="UTF-8" standalone="yes" ?>
<CodeBlocks_project_file>
	<FileVersion major="1" minor="6" />
	<Project>
		<Option title="stm32-vcu" />
		<Option makefile_is_custom="1" />
		<Option pch_mode="2" />
		<Option compiler="armelfgcc" />
		<MakeCommands>
			<Build command="make" />
			<CompileFile command="$make -f $makefile $file" />
			<Clean command="$make -f $makefile clean" />
			<DistClean command="$make -f $makefile distclean$target" />
			<AskRebuildNeeded command="$make -q -f $makefile $target" />
			<SilentBuild command="$make -s -f $makefile $target" />
		</MakeCommands>
		<Build>
			<Target title="STM32F107">
				<Option output="stm32_vcu" prefix_auto="0" extension_auto="0" />
				<Option object_output="obj/Release/" />
				<Option type="1" />
				<Option compiler="armelfgcc" />
				<Compiler>
					<Add directory="include/project" />
					<Add directory="include" />
					<Add directory="libopeninv/include" />
				</Compiler>
				<MakeCommands>
					<Build command="make" />
					<CompileFile command="$make -f  $file " />
					<Clean command="make clean " />
					<DistClean command="$make -f $makefile distclean$target" />
					<AskRebuildNeeded command="$make -q" />
					<SilentBuild command="make &gt; $(CMD_NULL)" />
				</MakeCommands>
			</Target>
			<Target title="Test">
				<Option output="test/test_sine" prefix_auto="1" extension_auto="1" />
				<Option working_dir="test" />
				<Option type="1" />
				<Option compiler="gcc" />
				<Compiler>
					<Add directory="include/project" />
					<Add directory="include" />
					<Add directory="libopeninv/include" />
				</Compiler>
			</Target>
		</Build>
		<Unit filename="Makefile">
			<Option target="STM32F107" />
		</Unit>
		<Unit filename="include/CANSPI.h" />
		<Unit filename="include/Can_OBD2.h" />
		<Unit filename="include/HVAC/MGCoolantHeater.h" />
		<Unit filename="include/HVAC/OutlanderCanHeater.h" />
		<Unit filename="include/HVAC/OutlanderCompressor.h" />
		<Unit filename="include/HVAC/PWMHeater.h" />
		<Unit filename="include/HVAC/VWAirHeater.h" />
		<Unit filename="include/HVAC/VWCoolantHeater.h" />
		<Unit filename="include/HVAC/WebastoHVH.h" />
		<Unit filename="include/HVAC/amperaheater.h" />
		<Unit filename="include/HVAC/compressor.h" />
		<Unit filename="include/HVAC/heater.h" />
		<Unit filename="include/HVAC/preheater.h" />
		<Unit filename="include/MCP2515.h" />
		<Unit filename="include/anain_prj.h" />
		<Unit filename="include/bms/bms.h" />
		<Unit filename="include/bms/daisychainbms.h" />
		<Unit filename="include/bms/kangoobms.h" />
		<Unit filename="include/bms/leafbms.h" />
		<Unit filename="include/bms/oibms.h" />
		<Unit filename="include/bms/simpbms.h" />
		<Unit filename="include/bms/stwmbms.h" />
		<Unit filename="include/bmw_sbox.h" />
		<Unit filename="include/chargers/C5Charger.h" />
		<Unit filename="include/chargers/C5PTECAN.h" />
		<Unit filename="include/chargers/CPC.h" />
		<Unit filename="include/chargers/ElconCharger.h" />
		<Unit filename="include/chargers/Foccci.h" />
		<Unit filename="include/chargers/MGgen2V2Lcharger.h" />
		<Unit filename="include/chargers/NissanPDM.h" />
		<Unit filename="include/chargers/OutlanderHeartBeat.h" />
		<Unit filename="include/chargers/amperacharger.h" />
		<Unit filename="include/chargers/chademo.h" />
		<Unit filename="include/chargers/charger.h" />
		<Unit filename="include/chargers/chargerhw.h" />
		<Unit filename="include/chargers/chargerint.h" />
		<Unit filename="include/chargers/extCharger.h" />
		<Unit filename="include/chargers/outlanderCharger.h" />
		<Unit filename="include/chargers/teslaCharger.h" />
		<Unit filename="include/dcdc/C5DCDC.h" />
		<Unit filename="include/dcdc/ElconDCDC.h" />
		<Unit filename="include/dcdc/Maintainer12V.h" />
		<Unit filename="include/dcdc/TeslaDCDC.h" />
		<Unit filename="include/dcdc/dcdc.h" />
		<Unit filename="include/digio_prj.h" />
		<Unit filename="include/digipot.h" />
		<Unit filename="include/errormessage_prj.h" />
		<Unit filename="include/hwdefs.h" />
		<Unit filename="include/hwinit.h" />
		<Unit filename="include/inverters/Can_OI.h" />
		<Unit filename="include/inverters/GS450H.h" />
		<Unit filename="include/inverters/InverterACP.h" />
		<Unit filename="include/inverters/i3LIM.h" />
		<Unit filename="include/inverters/inverter.h" />
		<Unit filename="include/inverters/leafinv.h" />
		<Unit filename="include/inverters/outlanderinverter.h" />
		<Unit filename="include/inverters/rearoutlanderinverter.h" />
		<Unit filename="include/iomatrix.h" />
		<Unit filename="include/isa_shunt.h" />
		<Unit filename="include/notused.h" />
		<Unit filename="include/param_prj.h" />
		<Unit filename="include/shifters/E65_Lever.h" />
		<Unit filename="include/shifters/F30_Lever.h" />
		<Unit filename="include/shifters/JLR_G1.h" />
		<Unit filename="include/shifters/JLR_G2.h" />
		<Unit filename="include/shifters/PKP2300_Lever.h" />
		<Unit filename="include/shifters/shifter.h" />
		<Unit filename="include/temp_meas.h" />
		<Unit filename="include/throttle.h" />
		<Unit filename="include/utils.h" />
		<Unit filename="include/vag_sbox.h" />
		<Unit filename="include/vehicles/BMW_E31.h" />
		<Unit filename="include/vehicles/BMW_E39.h" />
		<Unit filename="include/vehicles/BMW_E65.h" />
		<Unit filename="include/vehicles/Can_VAG.h" />
		<Unit filename="include/vehicles/NissLeafMng.h" />
		<Unit filename="include/vehicles/V_Classic.h" />
		<Unit filename="include/vehicles/subaruvehicle.h" />
		<Unit filename="include/vehicles/vehicle.h" />
		<Unit filename="libopeninv/include/anain.h" />
		<Unit filename="libopeninv/include/canhardware.h" />
		<Unit filename="libopeninv/include/canmap.h" />
		<Unit filename="libopeninv/include/digio.h" />
		<Unit filename="libopeninv/include/errormessage.h" />
		<Unit filename="libopeninv/include/my_fp.h" />
		<Unit filename="libopeninv/include/my_math.h" />
		<Unit filename="libopeninv/include/my_string.h" />
		<Unit filename="libopeninv/include/param_save.h" />
		<Unit filename="libopeninv/include/params.h" />
		<Unit filename="libopeninv/include/printf.h" />
		<Unit filename="libopeninv/include/stm32_can.h" />
		<Unit filename="libopeninv/include/stm32scheduler.h" />
		<Unit filename="libopeninv/include/terminal.h" />
		<Unit filename="libopeninv/include/terminalcommands.h" />
		<Unit filename="libopeninv/src/anain.cpp" />
		<Unit filename="libopeninv/src/canhardware.cpp" />
		<Unit filename="libopeninv/src/canmap.cpp" />
		<Unit filename="libopeninv/src/canobd2.cpp" />
		<Unit filename="libopeninv/src/cansdo.cpp" />
		<Unit filename="libopeninv/src/crc8.cpp" />
		<Unit filename="libopeninv/src/digio.cpp" />
		<Unit filename="libopeninv/src/errormessage.cpp" />
		<Unit filename="libopeninv/src/foc.cpp" />
		<Unit filename="libopeninv/src/fu.cpp" />
		<Unit filename="libopeninv/src/linbus.cpp" />
		<Unit filename="libopeninv/src/my_fp.c">
			<Option compilerVar="CC" />
		</Unit>
		<Unit filename="libopeninv/src/my_string.c">
			<Option compilerVar="CC" />
		</Unit>
		<Unit filename="libopeninv/src/param_save.cpp" />
		<Unit filename="libopeninv/src/params.cpp" />
		<Unit filename="libopeninv/src/picontroller.cpp" />
		<Unit filename="libopeninv/src/printf.cpp" />
		<Unit filename="libopeninv/src/sdocommands.cpp" />
		<Unit filename="libopeninv/src/sine_core.cpp" />
		<Unit filename="libopeninv/src/stm32_can.cpp" />
		<Unit filename="libopeninv/src/stm32scheduler.cpp" />
		<Unit filename="libopeninv/src/terminal.cpp" />
		<Unit filename="libopeninv/src/terminalcommands.cpp" />
		<Unit filename="src/CANSPI.cpp" />
		<Unit filename="src/Can_OBD2.cpp" />
		<Unit filename="src/HVAC/MGCoolantHeater.cpp" />
		<Unit filename="src/HVAC/OutlanderCanHeater.cpp" />
		<Unit filename="src/HVAC/OutlanderCompressor.cpp" />
		<Unit filename="src/HVAC/PWMHeater.cpp" />
		<Unit filename="src/HVAC/VWAirHeater.cpp" />
		<Unit filename="src/HVAC/VWCoolantHeater.cpp" />
		<Unit filename="src/HVAC/WebastoHVH.cpp" />
		<Unit filename="src/HVAC/amperaheater.cpp" />
		<Unit filename="src/HVAC/preheater.cpp" />
		<Unit filename="src/MCP2515.cpp" />
		<Unit filename="src/bms/daisychainbms.cpp" />
		<Unit filename="src/bms/kangoobms.cpp" />
		<Unit filename="src/bms/leafbms.cpp" />
		<Unit filename="src/bms/oibms.cpp" />
		<Unit filename="src/bms/simpbms.cpp" />
		<Unit filename="src/bms/stwmbms.cpp" />
		<Unit filename="src/bmw_sbox.cpp" />
		<Unit filename="src/chargers/C5Charger.cpp" />
		<Unit filename="src/chargers/CPC.cpp" />
		<Unit filename="src/chargers/ElconCharger.cpp" />
		<Unit filename="src/chargers/Foccci.cpp" />
		<Unit filename="src/chargers/MGgen2V2Lcharger.cpp" />
		<Unit filename="src/chargers/NissanPDM.cpp" />
		<Unit filename="src/chargers/OutlanderHeartBeat.cpp" />
		<Unit filename="src/chargers/amperacharger.cpp" />
		<Unit filename="src/chargers/chademo.cpp" />
		<Unit filename="src/chargers/charger.cpp" />
		<Unit filename="src/chargers/extCharger.cpp" />
		<Unit filename="src/chargers/outlanderCharger.cpp" />
		<Unit filename="src/chargers/teslaCharger.cpp" />
		<Unit filename="src/dcdc/C5DCDC.cpp" />
		<Unit filename="src/dcdc/ElconDCDC.cpp" />
		<Unit filename="src/dcdc/Maintainer12V.cpp" />
		<Unit filename="src/dcdc/TeslaDCDC.cpp" />
		<Unit filename="src/digipot.cpp" />
		<Unit filename="src/hwinit.cpp" />
		<Unit filename="src/inverters/Can_OI.cpp" />
		<Unit filename="src/inverters/GS450H.cpp" />
		<Unit filename="src/inverters/InverterACP.cpp" />
		<Unit filename="src/inverters/RearOutlanderinverter.cpp" />
		<Unit filename="src/inverters/i3LIM.cpp" />
		<Unit filename="src/inverters/leafinv.cpp" />
		<Unit filename="src/inverters/outlanderinverter.cpp" />
		<Unit filename="src/iomatrix.cpp" />
		<Unit filename="src/isa_shunt.cpp" />
		<Unit filename="src/shifters/E65_Lever.cpp" />
		<Unit filename="src/shifters/F30_Lever.cpp" />
		<Unit filename="src/shifters/JLR_G1.cpp" />
		<Unit filename="src/shifters/JLR_G2.cpp" />
		<Unit filename="src/shifters/PKP2300_Lever.cpp" />
		<Unit filename="src/stm32_vcu.cpp" />
		<Unit filename="src/temp_meas.cpp" />
		<Unit filename="src/terminal_prj.cpp" />
		<Unit filename="src/throttle.cpp" />
		<Unit filename="src/utils.cpp" />
		<Unit filename="src/vag_sbox.cpp" />
		<Unit filename="src/vehicles/BMW_E31.cpp" />
		<Unit filename="src/vehicles/BMW_E39.cpp" />
		<Unit filename="src/vehicles/BMW_E65.cpp" />
		<Unit filename="src/vehicles/Can_VAG.cpp" />
		<Unit filename="src/vehicles/NissLeafMng.cpp" />
		<Unit filename="src/vehicles/V_Classic.cpp" />
		<Unit filename="src/vehicles/subaruvehicle.cpp" />
		<Extensions>
			<DoxyBlocks>
				<comment_style block="0" line="0" />
				<doxyfile_project />
				<doxyfile_build />
				<doxyfile_warnings />
				<doxyfile_output />
				<doxyfile_dot class_diagrams="1" have_dot="1" />
				<general />
			</DoxyBlocks>
			<debugger>
				<remote_debugging>
					<options conn_type="0" ip_address="localhost" ip_port="3333" />
				</remote_debugging>
				<remote_debugging target="STM32F107">
					<options conn_type="0" additional_cmds="load&#x0A;r" />
				</remote_debugging>
			</debugger>
			<editor_config active="1" use_tabs="0" tab_indents="1" tab_width="2" indent="2" eol_mode="2" />
		</Extensions>
	</Project>
</CodeBlocks_project_file>
